PODS:
  - AppCenter (3.1.0):
    - AppCenter/Analytics (= 3.1.0)
    - AppCenter/Crashes (= 3.1.0)
  - AppCenter/Analytics (3.1.0):
    - AppCenter/Core
  - AppCenter/Core (3.1.0)
  - AppCenter/Crashes (3.1.0):
    - AppCenter/Core
  - openxcframework (6.3.0)

DEPENDENCIES:
  - AppCenter
  - openxcframework (from `../`)

SPEC REPOS:
  trunk:
    - AppCenter

EXTERNAL SOURCES:
  openxcframework:
    :path: "../"

SPEC CHECKSUMS:
  AppCenter: a1c30c47b7882a04a615ffa5ab26c007326436d8
  openxcframework: d605a0b1a7dbd9140df33ad716d2014e8fc26071

PODFILE CHECKSUM: f2d0fa3f68cab83a814e453755d9a4d8bf474222

COCOAPODS: 1.8.4
