PODS:
  - HockeySDK (5.1.4):
    - HockeySDK/DefaultLib (= 5.1.4)
  - HockeySDK/DefaultLib (5.1.4)
  - openxcframework (1.1.6):
    - ProtocolBuffers-Swift
  - ProtocolBuffers-Swift (4.0.6)

DEPENDENCIES:
  - HockeySDK
  - openxcframework (from `../`)

SPEC REPOS:
  https://github.com/cocoapods/specs.git:
    - HockeySDK
    - ProtocolBuffers-Swift

EXTERNAL SOURCES:
  openxcframework:
    :path: "../"

SPEC CHECKSUMS:
  HockeySDK: 15afe6bc0a5bfe3a531fd73dbf082095f37dac3b
  openxcframework: 9dbf70ed93f38df573dde6131bebb4cf5d74045b
  ProtocolBuffers-Swift: 09b5cfcc641ab512d6aaa1d2cc3879a40432052c

PODFILE CHECKSUM: c50021e72e6e334ee32b7f5ca5d6af145ff4500d

COCOAPODS: 1.6.1
