PODS:
  - AppCenter (2.2.0):
    - AppCenter/Analytics (= 2.2.0)
    - AppCenter/Crashes (= 2.2.0)
  - AppCenter/Analytics (2.2.0):
    - AppCenter/Core
  - AppCenter/Core (2.2.0)
  - AppCenter/Crashes (2.2.0):
    - AppCenter/Core
  - openxcframework (4.0.0):
    - ProtocolBuffers-Swift
  - ProtocolBuffers-Swift (4.0.6)

DEPENDENCIES:
  - AppCenter
  - openxcframework (from `../`)

SPEC REPOS:
  https://github.com/cocoapods/specs.git:
    - AppCenter
    - ProtocolBuffers-Swift

EXTERNAL SOURCES:
  openxcframework:
    :path: "../"

SPEC CHECKSUMS:
  AppCenter: c809e69d93218b9861b4f8e54ded8dcf4d2131e7
  openxcframework: 6481af0f07f864a99fa3a8560cc8152f577f3ead
  ProtocolBuffers-Swift: 09b5cfcc641ab512d6aaa1d2cc3879a40432052c

PODFILE CHECKSUM: f2d0fa3f68cab83a814e453755d9a4d8bf474222

COCOAPODS: 1.6.1
