// !$*UTF8*$!
{
	archiveVersion = 1;
	classes = {
	};
	objectVersion = 46;
	objects = {

/* Begin PBXBuildFile section */
		1495E404AE243D9A2AAD1886 /* Pods_openxcframework_Tests.framework in Frameworks */ = {isa = PBXBuildFile; fileRef = F1C5174A9B5F4FA48061C6CB /* Pods_openxcframework_Tests.framework */; };
		607FACE01AFB9204008FA782 /* LaunchScreen.xib in Resources */ = {isa = PBXBuildFile; fileRef = 607FACDE1AFB9204008FA782 /* LaunchScreen.xib */; };
		7D06DA19225DE872003C8DF3 /* NetworkManagerTest.swift in Sources */ = {isa = PBXBuildFile; fileRef = 7D06DA15225DE872003C8DF3 /* NetworkManagerTest.swift */; };
		7D06DA1A225DE872003C8DF3 /* TraceFileManagerTest.swift in Sources */ = {isa = PBXBuildFile; fileRef = 7D06DA16225DE872003C8DF3 /* TraceFileManagerTest.swift */; };
		7D06DA1B225DE872003C8DF3 /* BluetoothManagerTest.swift in Sources */ = {isa = PBXBuildFile; fileRef = 7D06DA17225DE872003C8DF3 /* BluetoothManagerTest.swift */; };
		7D06DA1C225DE872003C8DF3 /* VehicleManagerTest.swift in Sources */ = {isa = PBXBuildFile; fileRef = 7D06DA18225DE872003C8DF3 /* VehicleManagerTest.swift */; };
		7D3ECA0423C729AE0058B84F /* NotificationViewController.swift in Sources */ = {isa = PBXBuildFile; fileRef = 7D3ECA0323C729AE0058B84F /* NotificationViewController.swift */; };
		7D4C63B82239247700A04A53 /* nouns.txt in Resources */ = {isa = PBXBuildFile; fileRef = 7D4C63A62239247600A04A53 /* nouns.txt */; };
		7D4C63B92239247700A04A53 /* StatusViewController.swift in Sources */ = {isa = PBXBuildFile; fileRef = 7D4C63A72239247600A04A53 /* StatusViewController.swift */; };
		7D4C63BA2239247700A04A53 /* CanViewController.swift in Sources */ = {isa = PBXBuildFile; fileRef = 7D4C63A82239247600A04A53 /* CanViewController.swift */; };
		7D4C63BB2239247700A04A53 /* DataSourceController.swift in Sources */ = {isa = PBXBuildFile; fileRef = 7D4C63A92239247600A04A53 /* DataSourceController.swift */; };
		7D4C63BC2239247700A04A53 /* Assets.xcassets in Resources */ = {isa = PBXBuildFile; fileRef = 7D4C63AA2239247600A04A53 /* Assets.xcassets */; };
		7D4C63BD2239247700A04A53 /* adjectives.txt in Resources */ = {isa = PBXBuildFile; fileRef = 7D4C63AB2239247600A04A53 /* adjectives.txt */; };
		7D4C63BE2239247700A04A53 /* CommandsViewController.swift in Sources */ = {isa = PBXBuildFile; fileRef = 7D4C63AC2239247600A04A53 /* CommandsViewController.swift */; };
		7D4C63C02239247700A04A53 /* DiagViewController.swift in Sources */ = {isa = PBXBuildFile; fileRef = 7D4C63AE2239247600A04A53 /* DiagViewController.swift */; };
		7D4C63C12239247700A04A53 /* RecordingSourceController.swift in Sources */ = {isa = PBXBuildFile; fileRef = 7D4C63AF2239247600A04A53 /* RecordingSourceController.swift */; };
		7D4C63C22239247700A04A53 /* OutputViewController.swift in Sources */ = {isa = PBXBuildFile; fileRef = 7D4C63B02239247600A04A53 /* OutputViewController.swift */; };
		7D4C63C32239247700A04A53 /* OpenXcTabbarView.swift in Sources */ = {isa = PBXBuildFile; fileRef = 7D4C63B12239247600A04A53 /* OpenXcTabbarView.swift */; };
		7D4C63C42239247700A04A53 /* AppDelegate.swift in Sources */ = {isa = PBXBuildFile; fileRef = 7D4C63B22239247600A04A53 /* AppDelegate.swift */; };
		7D4C63C52239247700A04A53 /* AlertHandling.swift in Sources */ = {isa = PBXBuildFile; fileRef = 7D4C63B32239247600A04A53 /* AlertHandling.swift */; };
		7D4C63C62239247700A04A53 /* DashboardViewController.swift in Sources */ = {isa = PBXBuildFile; fileRef = 7D4C63B42239247700A04A53 /* DashboardViewController.swift */; };
		7D4C63C72239247700A04A53 /* Utility.swift in Sources */ = {isa = PBXBuildFile; fileRef = 7D4C63B52239247700A04A53 /* Utility.swift */; };
		7D4C63C82239247700A04A53 /* SendCanViewController.swift in Sources */ = {isa = PBXBuildFile; fileRef = 7D4C63B62239247700A04A53 /* SendCanViewController.swift */; };
		7D4C63C92239247700A04A53 /* modalSettingsView.swift in Sources */ = {isa = PBXBuildFile; fileRef = 7D4C63B72239247700A04A53 /* modalSettingsView.swift */; };
		7D4C63CB2239247E00A04A53 /* Main.storyboard in Resources */ = {isa = PBXBuildFile; fileRef = 7D4C63CA2239247E00A04A53 /* Main.storyboard */; };
		7DC37E6B240E765E0074CBCC /* ProtocolBuffers.framework in Frameworks */ = {isa = PBXBuildFile; fileRef = 7D3EE7BE22E0540D0098F6E5 /* ProtocolBuffers.framework */; };
		BEB29CC5678B6E4083210FDD /* Pods_openxcframework_Example.framework in Frameworks */ = {isa = PBXBuildFile; fileRef = 081A0F364536344AAAFB65E7 /* Pods_openxcframework_Example.framework */; };
/* End PBXBuildFile section */

/* Begin PBXContainerItemProxy section */
		607FACE61AFB9204008FA782 /* PBXContainerItemProxy */ = {
			isa = PBXContainerItemProxy;
			containerPortal = 607FACC81AFB9204008FA782 /* Project object */;
			proxyType = 1;
			remoteGlobalIDString = 607FACCF1AFB9204008FA782;
			remoteInfo = openxcframework;
		};
/* End PBXContainerItemProxy section */

/* Begin PBXFileReference section */
		081A0F364536344AAAFB65E7 /* Pods_openxcframework_Example.framework */ = {isa = PBXFileReference; explicitFileType = wrapper.framework; includeInIndex = 0; path = Pods_openxcframework_Example.framework; sourceTree = BUILT_PRODUCTS_DIR; };
		21F80A305F496C7EE6D88EFB /* README.md */ = {isa = PBXFileReference; includeInIndex = 1; lastKnownFileType = net.daringfireball.markdown; name = README.md; path = ../README.md; sourceTree = "<group>"; };
		237E05B343D336ADDB02025F /* Pods-openxcframework_Example.release.xcconfig */ = {isa = PBXFileReference; includeInIndex = 1; lastKnownFileType = text.xcconfig; name = "Pods-openxcframework_Example.release.xcconfig"; path = "Target Support Files/Pods-openxcframework_Example/Pods-openxcframework_Example.release.xcconfig"; sourceTree = "<group>"; };
		2B3BE3D91F1AD59643FB13CE /* LICENSE */ = {isa = PBXFileReference; includeInIndex = 1; lastKnownFileType = text; name = LICENSE; path = ../LICENSE; sourceTree = "<group>"; };
		607FACD01AFB9204008FA782 /* openxcframework_Example.app */ = {isa = PBXFileReference; explicitFileType = wrapper.application; includeInIndex = 0; path = openxcframework_Example.app; sourceTree = BUILT_PRODUCTS_DIR; };
		607FACD41AFB9204008FA782 /* Info.plist */ = {isa = PBXFileReference; lastKnownFileType = text.plist.xml; path = Info.plist; sourceTree = "<group>"; };
		607FACDF1AFB9204008FA782 /* Base */ = {isa = PBXFileReference; lastKnownFileType = file.xib; name = Base; path = Base.lproj/LaunchScreen.xib; sourceTree = "<group>"; };
		607FACE51AFB9204008FA782 /* openxcframework_Tests.xctest */ = {isa = PBXFileReference; explicitFileType = wrapper.cfbundle; includeInIndex = 0; path = openxcframework_Tests.xctest; sourceTree = BUILT_PRODUCTS_DIR; };
		607FACEA1AFB9204008FA782 /* Info.plist */ = {isa = PBXFileReference; lastKnownFileType = text.plist.xml; path = Info.plist; sourceTree = "<group>"; };
		709409426CEC08EE149163DC /* Pods-openxcframework_Example.debug.xcconfig */ = {isa = PBXFileReference; includeInIndex = 1; lastKnownFileType = text.xcconfig; name = "Pods-openxcframework_Example.debug.xcconfig"; path = "Target Support Files/Pods-openxcframework_Example/Pods-openxcframework_Example.debug.xcconfig"; sourceTree = "<group>"; };
		780F23C3A5A6C26E16550E2B /* Pods-openxcframework_Tests.debug.xcconfig */ = {isa = PBXFileReference; includeInIndex = 1; lastKnownFileType = text.xcconfig; name = "Pods-openxcframework_Tests.debug.xcconfig"; path = "Target Support Files/Pods-openxcframework_Tests/Pods-openxcframework_Tests.debug.xcconfig"; sourceTree = "<group>"; };
		79087BEA6A8530B9EA606A35 /* openxcframework.podspec */ = {isa = PBXFileReference; includeInIndex = 1; lastKnownFileType = text; name = openxcframework.podspec; path = ../openxcframework.podspec; sourceTree = "<group>"; xcLanguageSpecificationIdentifier = xcode.lang.ruby; };
		7D06DA14225DE871003C8DF3 /* openxcframework_Tests-Bridging-Header.h */ = {isa = PBXFileReference; lastKnownFileType = sourcecode.c.h; path = "openxcframework_Tests-Bridging-Header.h"; sourceTree = "<group>"; };
		7D06DA15225DE872003C8DF3 /* NetworkManagerTest.swift */ = {isa = PBXFileReference; fileEncoding = 4; lastKnownFileType = sourcecode.swift; path = NetworkManagerTest.swift; sourceTree = "<group>"; };
		7D06DA16225DE872003C8DF3 /* TraceFileManagerTest.swift */ = {isa = PBXFileReference; fileEncoding = 4; lastKnownFileType = sourcecode.swift; path = TraceFileManagerTest.swift; sourceTree = "<group>"; };
		7D06DA17225DE872003C8DF3 /* BluetoothManagerTest.swift */ = {isa = PBXFileReference; fileEncoding = 4; lastKnownFileType = sourcecode.swift; path = BluetoothManagerTest.swift; sourceTree = "<group>"; };
		7D06DA18225DE872003C8DF3 /* VehicleManagerTest.swift */ = {isa = PBXFileReference; fileEncoding = 4; lastKnownFileType = sourcecode.swift; path = VehicleManagerTest.swift; sourceTree = "<group>"; };
		7D2A168843053B76AF6B84CB /* Pods-openxcframework_Tests.release.xcconfig */ = {isa = PBXFileReference; includeInIndex = 1; lastKnownFileType = text.xcconfig; name = "Pods-openxcframework_Tests.release.xcconfig"; path = "Target Support Files/Pods-openxcframework_Tests/Pods-openxcframework_Tests.release.xcconfig"; sourceTree = "<group>"; };
		7D3ECA0323C729AE0058B84F /* NotificationViewController.swift */ = {isa = PBXFileReference; lastKnownFileType = sourcecode.swift; path = NotificationViewController.swift; sourceTree = "<group>"; };
		7D3EE7BE22E0540D0098F6E5 /* ProtocolBuffers.framework */ = {isa = PBXFileReference; explicitFileType = wrapper.framework; path = ProtocolBuffers.framework; sourceTree = BUILT_PRODUCTS_DIR; };
		7D4C63A52239247500A04A53 /* openxcframework_Example-Bridging-Header.h */ = {isa = PBXFileReference; lastKnownFileType = sourcecode.c.h; path = "openxcframework_Example-Bridging-Header.h"; sourceTree = "<group>"; };
		7D4C63A62239247600A04A53 /* nouns.txt */ = {isa = PBXFileReference; fileEncoding = 4; lastKnownFileType = text; path = nouns.txt; sourceTree = "<group>"; };
		7D4C63A72239247600A04A53 /* StatusViewController.swift */ = {isa = PBXFileReference; fileEncoding = 4; lastKnownFileType = sourcecode.swift; path = StatusViewController.swift; sourceTree = "<group>"; };
		7D4C63A82239247600A04A53 /* CanViewController.swift */ = {isa = PBXFileReference; fileEncoding = 4; lastKnownFileType = sourcecode.swift; path = CanViewController.swift; sourceTree = "<group>"; };
		7D4C63A92239247600A04A53 /* DataSourceController.swift */ = {isa = PBXFileReference; fileEncoding = 4; lastKnownFileType = sourcecode.swift; path = DataSourceController.swift; sourceTree = "<group>"; };
		7D4C63AA2239247600A04A53 /* Assets.xcassets */ = {isa = PBXFileReference; lastKnownFileType = folder.assetcatalog; path = Assets.xcassets; sourceTree = "<group>"; };
		7D4C63AB2239247600A04A53 /* adjectives.txt */ = {isa = PBXFileReference; fileEncoding = 4; lastKnownFileType = text; path = adjectives.txt; sourceTree = "<group>"; };
		7D4C63AC2239247600A04A53 /* CommandsViewController.swift */ = {isa = PBXFileReference; fileEncoding = 4; lastKnownFileType = sourcecode.swift; path = CommandsViewController.swift; sourceTree = "<group>"; };
		7D4C63AE2239247600A04A53 /* DiagViewController.swift */ = {isa = PBXFileReference; fileEncoding = 4; lastKnownFileType = sourcecode.swift; path = DiagViewController.swift; sourceTree = "<group>"; };
		7D4C63AF2239247600A04A53 /* RecordingSourceController.swift */ = {isa = PBXFileReference; fileEncoding = 4; lastKnownFileType = sourcecode.swift; path = RecordingSourceController.swift; sourceTree = "<group>"; };
		7D4C63B02239247600A04A53 /* OutputViewController.swift */ = {isa = PBXFileReference; fileEncoding = 4; lastKnownFileType = sourcecode.swift; path = OutputViewController.swift; sourceTree = "<group>"; };
		7D4C63B12239247600A04A53 /* OpenXcTabbarView.swift */ = {isa = PBXFileReference; fileEncoding = 4; lastKnownFileType = sourcecode.swift; path = OpenXcTabbarView.swift; sourceTree = "<group>"; };
		7D4C63B22239247600A04A53 /* AppDelegate.swift */ = {isa = PBXFileReference; fileEncoding = 4; lastKnownFileType = sourcecode.swift; path = AppDelegate.swift; sourceTree = "<group>"; };
		7D4C63B32239247600A04A53 /* AlertHandling.swift */ = {isa = PBXFileReference; fileEncoding = 4; lastKnownFileType = sourcecode.swift; path = AlertHandling.swift; sourceTree = "<group>"; };
		7D4C63B42239247700A04A53 /* DashboardViewController.swift */ = {isa = PBXFileReference; fileEncoding = 4; lastKnownFileType = sourcecode.swift; path = DashboardViewController.swift; sourceTree = "<group>"; };
		7D4C63B52239247700A04A53 /* Utility.swift */ = {isa = PBXFileReference; fileEncoding = 4; lastKnownFileType = sourcecode.swift; path = Utility.swift; sourceTree = "<group>"; };
		7D4C63B62239247700A04A53 /* SendCanViewController.swift */ = {isa = PBXFileReference; fileEncoding = 4; lastKnownFileType = sourcecode.swift; path = SendCanViewController.swift; sourceTree = "<group>"; };
		7D4C63B72239247700A04A53 /* modalSettingsView.swift */ = {isa = PBXFileReference; fileEncoding = 4; lastKnownFileType = sourcecode.swift; path = modalSettingsView.swift; sourceTree = "<group>"; };
		7D4C63CA2239247E00A04A53 /* Main.storyboard */ = {isa = PBXFileReference; fileEncoding = 4; lastKnownFileType = file.storyboard; path = Main.storyboard; sourceTree = "<group>"; };
		F1C5174A9B5F4FA48061C6CB /* Pods_openxcframework_Tests.framework */ = {isa = PBXFileReference; explicitFileType = wrapper.framework; includeInIndex = 0; path = Pods_openxcframework_Tests.framework; sourceTree = BUILT_PRODUCTS_DIR; };
/* End PBXFileReference section */

/* Begin PBXFrameworksBuildPhase section */
		607FACCD1AFB9204008FA782 /* Frameworks */ = {
			isa = PBXFrameworksBuildPhase;
			buildActionMask = 2147483647;
			files = (
				7DC37E6B240E765E0074CBCC /* ProtocolBuffers.framework in Frameworks */,
				BEB29CC5678B6E4083210FDD /* Pods_openxcframework_Example.framework in Frameworks */,
			);
			runOnlyForDeploymentPostprocessing = 0;
		};
		607FACE21AFB9204008FA782 /* Frameworks */ = {
			isa = PBXFrameworksBuildPhase;
			buildActionMask = 2147483647;
			files = (
				1495E404AE243D9A2AAD1886 /* Pods_openxcframework_Tests.framework in Frameworks */,
			);
			runOnlyForDeploymentPostprocessing = 0;
		};
/* End PBXFrameworksBuildPhase section */

/* Begin PBXGroup section */
		607FACC71AFB9204008FA782 = {
			isa = PBXGroup;
			children = (
				607FACF51AFB993E008FA782 /* Podspec Metadata */,
				607FACD21AFB9204008FA782 /* Example for openxcframework */,
				607FACE81AFB9204008FA782 /* Tests */,
				607FACD11AFB9204008FA782 /* Products */,
				9C3FF183F839FA14F4E4DD3D /* Pods */,
				762AE580AC8CFB6482897B57 /* Frameworks */,
			);
			sourceTree = "<group>";
		};
		607FACD11AFB9204008FA782 /* Products */ = {
			isa = PBXGroup;
			children = (
				607FACD01AFB9204008FA782 /* openxcframework_Example.app */,
				607FACE51AFB9204008FA782 /* openxcframework_Tests.xctest */,
			);
			name = Products;
			sourceTree = "<group>";
		};
		607FACD21AFB9204008FA782 /* Example for openxcframework */ = {
			isa = PBXGroup;
			children = (
				7D4C63B32239247600A04A53 /* AlertHandling.swift */,
				7D4C63B22239247600A04A53 /* AppDelegate.swift */,
				7D4C63A82239247600A04A53 /* CanViewController.swift */,
				7D4C63AC2239247600A04A53 /* CommandsViewController.swift */,
				7D4C63B42239247700A04A53 /* DashboardViewController.swift */,
				7D4C63A92239247600A04A53 /* DataSourceController.swift */,
				7D4C63AE2239247600A04A53 /* DiagViewController.swift */,
				7D4C63B72239247700A04A53 /* modalSettingsView.swift */,
				7D4C63B12239247600A04A53 /* OpenXcTabbarView.swift */,
				7D4C63B02239247600A04A53 /* OutputViewController.swift */,
				7D4C63AF2239247600A04A53 /* RecordingSourceController.swift */,
				7D4C63B62239247700A04A53 /* SendCanViewController.swift */,
				7D4C63A72239247600A04A53 /* StatusViewController.swift */,
				7D3ECA0323C729AE0058B84F /* NotificationViewController.swift */,
				7D4C63B52239247700A04A53 /* Utility.swift */,
				7D4C63AA2239247600A04A53 /* Assets.xcassets */,
				7D4C63CA2239247E00A04A53 /* Main.storyboard */,
				607FACDE1AFB9204008FA782 /* LaunchScreen.xib */,
				7D4C63AB2239247600A04A53 /* adjectives.txt */,
				7D4C63A62239247600A04A53 /* nouns.txt */,
				607FACD31AFB9204008FA782 /* Supporting Files */,
				7D4C63A52239247500A04A53 /* openxcframework_Example-Bridging-Header.h */,
			);
			name = "Example for openxcframework";
			path = openxcframework;
			sourceTree = "<group>";
		};
		607FACD31AFB9204008FA782 /* Supporting Files */ = {
			isa = PBXGroup;
			children = (
				607FACD41AFB9204008FA782 /* Info.plist */,
			);
			name = "Supporting Files";
			sourceTree = "<group>";
		};
		607FACE81AFB9204008FA782 /* Tests */ = {
			isa = PBXGroup;
			children = (
				7D06DA17225DE872003C8DF3 /* BluetoothManagerTest.swift */,
				7D06DA15225DE872003C8DF3 /* NetworkManagerTest.swift */,
				7D06DA16225DE872003C8DF3 /* TraceFileManagerTest.swift */,
				7D06DA18225DE872003C8DF3 /* VehicleManagerTest.swift */,
				607FACE91AFB9204008FA782 /* Supporting Files */,
				7D06DA14225DE871003C8DF3 /* openxcframework_Tests-Bridging-Header.h */,
			);
			path = Tests;
			sourceTree = "<group>";
		};
		607FACE91AFB9204008FA782 /* Supporting Files */ = {
			isa = PBXGroup;
			children = (
				607FACEA1AFB9204008FA782 /* Info.plist */,
			);
			name = "Supporting Files";
			sourceTree = "<group>";
		};
		607FACF51AFB993E008FA782 /* Podspec Metadata */ = {
			isa = PBXGroup;
			children = (
				79087BEA6A8530B9EA606A35 /* openxcframework.podspec */,
				21F80A305F496C7EE6D88EFB /* README.md */,
				2B3BE3D91F1AD59643FB13CE /* LICENSE */,
			);
			name = "Podspec Metadata";
			sourceTree = "<group>";
		};
		762AE580AC8CFB6482897B57 /* Frameworks */ = {
			isa = PBXGroup;
			children = (
				7D3EE7BE22E0540D0098F6E5 /* ProtocolBuffers.framework */,
				081A0F364536344AAAFB65E7 /* Pods_openxcframework_Example.framework */,
				F1C5174A9B5F4FA48061C6CB /* Pods_openxcframework_Tests.framework */,
			);
			name = Frameworks;
			sourceTree = "<group>";
		};
		9C3FF183F839FA14F4E4DD3D /* Pods */ = {
			isa = PBXGroup;
			children = (
				709409426CEC08EE149163DC /* Pods-openxcframework_Example.debug.xcconfig */,
				237E05B343D336ADDB02025F /* Pods-openxcframework_Example.release.xcconfig */,
				780F23C3A5A6C26E16550E2B /* Pods-openxcframework_Tests.debug.xcconfig */,
				7D2A168843053B76AF6B84CB /* Pods-openxcframework_Tests.release.xcconfig */,
			);
			path = Pods;
			sourceTree = "<group>";
		};
/* End PBXGroup section */

/* Begin PBXNativeTarget section */
		607FACCF1AFB9204008FA782 /* openxcframework_Example */ = {
			isa = PBXNativeTarget;
			buildConfigurationList = 607FACEF1AFB9204008FA782 /* Build configuration list for PBXNativeTarget "openxcframework_Example" */;
			buildPhases = (
				784551B8EF0D59FB8FCA2781 /* [CP] Check Pods Manifest.lock */,
				607FACCC1AFB9204008FA782 /* Sources */,
				607FACCD1AFB9204008FA782 /* Frameworks */,
				607FACCE1AFB9204008FA782 /* Resources */,
				0667E95ADD5C258DEEEB8E09 /* [CP] Embed Pods Frameworks */,
			);
			buildRules = (
			);
			dependencies = (
			);
			name = openxcframework_Example;
			productName = openxcframework;
			productReference = 607FACD01AFB9204008FA782 /* openxcframework_Example.app */;
			productType = "com.apple.product-type.application";
		};
		607FACE41AFB9204008FA782 /* openxcframework_Tests */ = {
			isa = PBXNativeTarget;
			buildConfigurationList = 607FACF21AFB9204008FA782 /* Build configuration list for PBXNativeTarget "openxcframework_Tests" */;
			buildPhases = (
				E71F8C07FCA9553B93B62152 /* [CP] Check Pods Manifest.lock */,
				607FACE11AFB9204008FA782 /* Sources */,
				607FACE21AFB9204008FA782 /* Frameworks */,
				607FACE31AFB9204008FA782 /* Resources */,
			);
			buildRules = (
			);
			dependencies = (
				607FACE71AFB9204008FA782 /* PBXTargetDependency */,
			);
			name = openxcframework_Tests;
			productName = Tests;
			productReference = 607FACE51AFB9204008FA782 /* openxcframework_Tests.xctest */;
			productType = "com.apple.product-type.bundle.unit-test";
		};
/* End PBXNativeTarget section */

/* Begin PBXProject section */
		607FACC81AFB9204008FA782 /* Project object */ = {
			isa = PBXProject;
			attributes = {
				LastSwiftUpdateCheck = 0830;
				LastUpgradeCheck = 1020;
				ORGANIZATIONNAME = CocoaPods;
				TargetAttributes = {
					607FACCF1AFB9204008FA782 = {
						CreatedOnToolsVersion = 6.3.1;
						DevelopmentTeam = D95XHVNG2Z;
						LastSwiftMigration = 1020;
						ProvisioningStyle = Manual;
					};
					607FACE41AFB9204008FA782 = {
						CreatedOnToolsVersion = 6.3.1;
						DevelopmentTeam = D95XHVNG2Z;
						LastSwiftMigration = 1020;
						ProvisioningStyle = Manual;
						TestTargetID = 607FACCF1AFB9204008FA782;
					};
				};
			};
			buildConfigurationList = 607FACCB1AFB9204008FA782 /* Build configuration list for PBXProject "openxcframework" */;
			compatibilityVersion = "Xcode 3.2";
			developmentRegion = en;
			hasScannedForEncodings = 0;
			knownRegions = (
				en,
				Base,
			);
			mainGroup = 607FACC71AFB9204008FA782;
			productRefGroup = 607FACD11AFB9204008FA782 /* Products */;
			projectDirPath = "";
			projectRoot = "";
			targets = (
				607FACCF1AFB9204008FA782 /* openxcframework_Example */,
				607FACE41AFB9204008FA782 /* openxcframework_Tests */,
			);
		};
/* End PBXProject section */

/* Begin PBXResourcesBuildPhase section */
		607FACCE1AFB9204008FA782 /* Resources */ = {
			isa = PBXResourcesBuildPhase;
			buildActionMask = 2147483647;
			files = (
				7D4C63B82239247700A04A53 /* nouns.txt in Resources */,
				7D4C63BC2239247700A04A53 /* Assets.xcassets in Resources */,
				7D4C63BD2239247700A04A53 /* adjectives.txt in Resources */,
				7D4C63CB2239247E00A04A53 /* Main.storyboard in Resources */,
				607FACE01AFB9204008FA782 /* LaunchScreen.xib in Resources */,
			);
			runOnlyForDeploymentPostprocessing = 0;
		};
		607FACE31AFB9204008FA782 /* Resources */ = {
			isa = PBXResourcesBuildPhase;
			buildActionMask = 2147483647;
			files = (
			);
			runOnlyForDeploymentPostprocessing = 0;
		};
/* End PBXResourcesBuildPhase section */

/* Begin PBXShellScriptBuildPhase section */
		0667E95ADD5C258DEEEB8E09 /* [CP] Embed Pods Frameworks */ = {
			isa = PBXShellScriptBuildPhase;
			buildActionMask = 2147483647;
			files = (
			);
			inputPaths = (
				"${PODS_ROOT}/Target Support Files/Pods-openxcframework_Example/Pods-openxcframework_Example-frameworks.sh",
				"${BUILT_PRODUCTS_DIR}/ProtocolBuffers-Swift/ProtocolBuffers.framework",
				"${BUILT_PRODUCTS_DIR}/openxcframework/openXCiOSFramework.framework",
			);
			name = "[CP] Embed Pods Frameworks";
			outputPaths = (
				"${TARGET_BUILD_DIR}/${FRAMEWORKS_FOLDER_PATH}/ProtocolBuffers.framework",
				"${TARGET_BUILD_DIR}/${FRAMEWORKS_FOLDER_PATH}/openXCiOSFramework.framework",
			);
			runOnlyForDeploymentPostprocessing = 0;
			shellPath = /bin/sh;
			shellScript = "\"${PODS_ROOT}/Target Support Files/Pods-openxcframework_Example/Pods-openxcframework_Example-frameworks.sh\"\n";
			showEnvVarsInLog = 0;
		};
		784551B8EF0D59FB8FCA2781 /* [CP] Check Pods Manifest.lock */ = {
			isa = PBXShellScriptBuildPhase;
			buildActionMask = 2147483647;
			files = (
			);
			inputFileListPaths = (
			);
			inputPaths = (
				"${PODS_PODFILE_DIR_PATH}/Podfile.lock",
				"${PODS_ROOT}/Manifest.lock",
			);
			name = "[CP] Check Pods Manifest.lock";
			outputFileListPaths = (
			);
			outputPaths = (
				"$(DERIVED_FILE_DIR)/Pods-openxcframework_Example-checkManifestLockResult.txt",
			);
			runOnlyForDeploymentPostprocessing = 0;
			shellPath = /bin/sh;
			shellScript = "diff \"${PODS_PODFILE_DIR_PATH}/Podfile.lock\" \"${PODS_ROOT}/Manifest.lock\" > /dev/null\nif [ $? != 0 ] ; then\n    # print error to STDERR\n    echo \"error: The sandbox is not in sync with the Podfile.lock. Run 'pod install' or update your CocoaPods installation.\" >&2\n    exit 1\nfi\n# This output is used by Xcode 'outputs' to avoid re-running this script phase.\necho \"SUCCESS\" > \"${SCRIPT_OUTPUT_FILE_0}\"\n";
			showEnvVarsInLog = 0;
		};
		E71F8C07FCA9553B93B62152 /* [CP] Check Pods Manifest.lock */ = {
			isa = PBXShellScriptBuildPhase;
			buildActionMask = 2147483647;
			files = (
			);
			inputFileListPaths = (
			);
			inputPaths = (
				"${PODS_PODFILE_DIR_PATH}/Podfile.lock",
				"${PODS_ROOT}/Manifest.lock",
			);
			name = "[CP] Check Pods Manifest.lock";
			outputFileListPaths = (
			);
			outputPaths = (
				"$(DERIVED_FILE_DIR)/Pods-openxcframework_Tests-checkManifestLockResult.txt",
			);
			runOnlyForDeploymentPostprocessing = 0;
			shellPath = /bin/sh;
			shellScript = "diff \"${PODS_PODFILE_DIR_PATH}/Podfile.lock\" \"${PODS_ROOT}/Manifest.lock\" > /dev/null\nif [ $? != 0 ] ; then\n    # print error to STDERR\n    echo \"error: The sandbox is not in sync with the Podfile.lock. Run 'pod install' or update your CocoaPods installation.\" >&2\n    exit 1\nfi\n# This output is used by Xcode 'outputs' to avoid re-running this script phase.\necho \"SUCCESS\" > \"${SCRIPT_OUTPUT_FILE_0}\"\n";
			showEnvVarsInLog = 0;
		};
/* End PBXShellScriptBuildPhase section */

/* Begin PBXSourcesBuildPhase section */
		607FACCC1AFB9204008FA782 /* Sources */ = {
			isa = PBXSourcesBuildPhase;
			buildActionMask = 2147483647;
			files = (
				7D4C63C22239247700A04A53 /* OutputViewController.swift in Sources */,
				7D4C63BE2239247700A04A53 /* CommandsViewController.swift in Sources */,
				7D4C63C02239247700A04A53 /* DiagViewController.swift in Sources */,
				7D4C63C92239247700A04A53 /* modalSettingsView.swift in Sources */,
				7D4C63C52239247700A04A53 /* AlertHandling.swift in Sources */,
				7D3ECA0423C729AE0058B84F /* NotificationViewController.swift in Sources */,
				7D4C63C42239247700A04A53 /* AppDelegate.swift in Sources */,
				7D4C63B92239247700A04A53 /* StatusViewController.swift in Sources */,
				7D4C63C82239247700A04A53 /* SendCanViewController.swift in Sources */,
				7D4C63BA2239247700A04A53 /* CanViewController.swift in Sources */,
				7D4C63C32239247700A04A53 /* OpenXcTabbarView.swift in Sources */,
				7D4C63C72239247700A04A53 /* Utility.swift in Sources */,
				7D4C63C62239247700A04A53 /* DashboardViewController.swift in Sources */,
				7D4C63C12239247700A04A53 /* RecordingSourceController.swift in Sources */,
				7D4C63BB2239247700A04A53 /* DataSourceController.swift in Sources */,
			);
			runOnlyForDeploymentPostprocessing = 0;
		};
		607FACE11AFB9204008FA782 /* Sources */ = {
			isa = PBXSourcesBuildPhase;
			buildActionMask = 2147483647;
			files = (
				7D06DA1B225DE872003C8DF3 /* BluetoothManagerTest.swift in Sources */,
				7D06DA19225DE872003C8DF3 /* NetworkManagerTest.swift in Sources */,
				7D06DA1C225DE872003C8DF3 /* VehicleManagerTest.swift in Sources */,
				7D06DA1A225DE872003C8DF3 /* TraceFileManagerTest.swift in Sources */,
			);
			runOnlyForDeploymentPostprocessing = 0;
		};
/* End PBXSourcesBuildPhase section */

/* Begin PBXTargetDependency section */
		607FACE71AFB9204008FA782 /* PBXTargetDependency */ = {
			isa = PBXTargetDependency;
			target = 607FACCF1AFB9204008FA782 /* openxcframework_Example */;
			targetProxy = 607FACE61AFB9204008FA782 /* PBXContainerItemProxy */;
		};
/* End PBXTargetDependency section */

/* Begin PBXVariantGroup section */
		607FACDE1AFB9204008FA782 /* LaunchScreen.xib */ = {
			isa = PBXVariantGroup;
			children = (
				607FACDF1AFB9204008FA782 /* Base */,
			);
			name = LaunchScreen.xib;
			sourceTree = "<group>";
		};
/* End PBXVariantGroup section */

/* Begin XCBuildConfiguration section */
		607FACED1AFB9204008FA782 /* Debug */ = {
			isa = XCBuildConfiguration;
			buildSettings = {
				ALWAYS_SEARCH_USER_PATHS = NO;
				CLANG_ANALYZER_LOCALIZABILITY_NONLOCALIZED = YES;
				CLANG_CXX_LANGUAGE_STANDARD = "gnu++0x";
				CLANG_CXX_LIBRARY = "libc++";
				CLANG_ENABLE_MODULES = YES;
				CLANG_ENABLE_OBJC_ARC = YES;
				CLANG_WARN_BLOCK_CAPTURE_AUTORELEASING = YES;
				CLANG_WARN_BOOL_CONVERSION = YES;
				CLANG_WARN_COMMA = YES;
				CLANG_WARN_CONSTANT_CONVERSION = YES;
				CLANG_WARN_DEPRECATED_OBJC_IMPLEMENTATIONS = YES;
				CLANG_WARN_DIRECT_OBJC_ISA_USAGE = YES_ERROR;
				CLANG_WARN_EMPTY_BODY = YES;
				CLANG_WARN_ENUM_CONVERSION = YES;
				CLANG_WARN_INFINITE_RECURSION = YES;
				CLANG_WARN_INT_CONVERSION = YES;
				CLANG_WARN_NON_LITERAL_NULL_CONVERSION = YES;
				CLANG_WARN_OBJC_IMPLICIT_RETAIN_SELF = YES;
				CLANG_WARN_OBJC_LITERAL_CONVERSION = YES;
				CLANG_WARN_OBJC_ROOT_CLASS = YES_ERROR;
				CLANG_WARN_RANGE_LOOP_ANALYSIS = YES;
				CLANG_WARN_STRICT_PROTOTYPES = YES;
				CLANG_WARN_SUSPICIOUS_MOVE = YES;
				CLANG_WARN_UNREACHABLE_CODE = YES;
				CLANG_WARN__DUPLICATE_METHOD_MATCH = YES;
				CODE_SIGN_IDENTITY = "Apple Development: Vinod Lingamsetty (8CK4Y5ZHN7)";
				"CODE_SIGN_IDENTITY[sdk=iphoneos*]" = "Apple Development: Vinod Lingamsetty (8CK4Y5ZHN7)";
				COPY_PHASE_STRIP = NO;
				DEBUG_INFORMATION_FORMAT = "dwarf-with-dsym";
				DEVELOPMENT_TEAM = D95XHVNG2Z;
				ENABLE_STRICT_OBJC_MSGSEND = YES;
				ENABLE_TESTABILITY = YES;
				GCC_C_LANGUAGE_STANDARD = gnu99;
				GCC_DYNAMIC_NO_PIC = NO;
				GCC_NO_COMMON_BLOCKS = YES;
				GCC_OPTIMIZATION_LEVEL = 0;
				GCC_PREPROCESSOR_DEFINITIONS = (
					"DEBUG=1",
					"$(inherited)",
				);
				GCC_SYMBOLS_PRIVATE_EXTERN = NO;
				GCC_WARN_64_TO_32_BIT_CONVERSION = YES;
				GCC_WARN_ABOUT_RETURN_TYPE = YES_ERROR;
				GCC_WARN_UNDECLARED_SELECTOR = YES;
				GCC_WARN_UNINITIALIZED_AUTOS = YES_AGGRESSIVE;
				GCC_WARN_UNUSED_FUNCTION = YES;
				GCC_WARN_UNUSED_VARIABLE = YES;
				IPHONEOS_DEPLOYMENT_TARGET = 10.0;
				MTL_ENABLE_DEBUG_INFO = YES;
				ONLY_ACTIVE_ARCH = YES;
				SDKROOT = iphoneos;
				SWIFT_OPTIMIZATION_LEVEL = "-Onone";
			};
			name = Debug;
		};
		607FACEE1AFB9204008FA782 /* Release */ = {
			isa = XCBuildConfiguration;
			buildSettings = {
				ALWAYS_SEARCH_USER_PATHS = NO;
				CLANG_ANALYZER_LOCALIZABILITY_NONLOCALIZED = YES;
				CLANG_CXX_LANGUAGE_STANDARD = "gnu++0x";
				CLANG_CXX_LIBRARY = "libc++";
				CLANG_ENABLE_MODULES = YES;
				CLANG_ENABLE_OBJC_ARC = YES;
				CLANG_WARN_BLOCK_CAPTURE_AUTORELEASING = YES;
				CLANG_WARN_BOOL_CONVERSION = YES;
				CLANG_WARN_COMMA = YES;
				CLANG_WARN_CONSTANT_CONVERSION = YES;
				CLANG_WARN_DEPRECATED_OBJC_IMPLEMENTATIONS = YES;
				CLANG_WARN_DIRECT_OBJC_ISA_USAGE = YES_ERROR;
				CLANG_WARN_EMPTY_BODY = YES;
				CLANG_WARN_ENUM_CONVERSION = YES;
				CLANG_WARN_INFINITE_RECURSION = YES;
				CLANG_WARN_INT_CONVERSION = YES;
				CLANG_WARN_NON_LITERAL_NULL_CONVERSION = YES;
				CLANG_WARN_OBJC_IMPLICIT_RETAIN_SELF = YES;
				CLANG_WARN_OBJC_LITERAL_CONVERSION = YES;
				CLANG_WARN_OBJC_ROOT_CLASS = YES_ERROR;
				CLANG_WARN_RANGE_LOOP_ANALYSIS = YES;
				CLANG_WARN_STRICT_PROTOTYPES = YES;
				CLANG_WARN_SUSPICIOUS_MOVE = YES;
				CLANG_WARN_UNREACHABLE_CODE = YES;
				CLANG_WARN__DUPLICATE_METHOD_MATCH = YES;
				CODE_SIGN_IDENTITY = "Apple Development: Vinod Lingamsetty (8CK4Y5ZHN7)";
				"CODE_SIGN_IDENTITY[sdk=iphoneos*]" = "Apple Development: Vinod Lingamsetty (8CK4Y5ZHN7)";
				COPY_PHASE_STRIP = NO;
				DEBUG_INFORMATION_FORMAT = "dwarf-with-dsym";
				DEVELOPMENT_TEAM = D95XHVNG2Z;
				ENABLE_NS_ASSERTIONS = NO;
				ENABLE_STRICT_OBJC_MSGSEND = YES;
				GCC_C_LANGUAGE_STANDARD = gnu99;
				GCC_NO_COMMON_BLOCKS = YES;
				GCC_WARN_64_TO_32_BIT_CONVERSION = YES;
				GCC_WARN_ABOUT_RETURN_TYPE = YES_ERROR;
				GCC_WARN_UNDECLARED_SELECTOR = YES;
				GCC_WARN_UNINITIALIZED_AUTOS = YES_AGGRESSIVE;
				GCC_WARN_UNUSED_FUNCTION = YES;
				GCC_WARN_UNUSED_VARIABLE = YES;
				IPHONEOS_DEPLOYMENT_TARGET = 10.0;
				MTL_ENABLE_DEBUG_INFO = NO;
				SDKROOT = iphoneos;
				SWIFT_OPTIMIZATION_LEVEL = "-Owholemodule";
				VALIDATE_PRODUCT = YES;
			};
			name = Release;
		};
		607FACF01AFB9204008FA782 /* Debug */ = {
			isa = XCBuildConfiguration;
			baseConfigurationReference = 709409426CEC08EE149163DC /* Pods-openxcframework_Example.debug.xcconfig */;
			buildSettings = {
				ASSETCATALOG_COMPILER_APPICON_NAME = AppIcon;
				CLANG_ENABLE_MODULES = YES;
				CODE_SIGN_IDENTITY = "Apple Development: Vinod Lingamsetty (8CK4Y5ZHN7)";
				"CODE_SIGN_IDENTITY[sdk=iphoneos*]" = "Apple Development: Vinod Lingamsetty (8CK4Y5ZHN7)";
				CODE_SIGN_STYLE = Manual;
				DEVELOPMENT_TEAM = D95XHVNG2Z;
				INFOPLIST_FILE = openxcframework/Info.plist;
				IPHONEOS_DEPLOYMENT_TARGET = 12.0;
				LD_RUNPATH_SEARCH_PATHS = "$(inherited) @executable_path/Frameworks";
				MODULE_NAME = ExampleApp;
				PRODUCT_BUNDLE_IDENTIFIER = com.ford.openxc;
				PRODUCT_NAME = "$(TARGET_NAME)";
				PROVISIONING_PROFILE = "d16af723-666a-4532-8004-d5969e95de57";
				PROVISIONING_PROFILE_SPECIFIER = "OpenXC Dev profile";
				SWIFT_OBJC_BRIDGING_HEADER = "openxcframework/openxcframework_Example-Bridging-Header.h";
				SWIFT_OPTIMIZATION_LEVEL = "-Onone";
				SWIFT_VERSION = 5.0;
			};
			name = Debug;
		};
		607FACF11AFB9204008FA782 /* Release */ = {
			isa = XCBuildConfiguration;
			baseConfigurationReference = 237E05B343D336ADDB02025F /* Pods-openxcframework_Example.release.xcconfig */;
			buildSettings = {
				ASSETCATALOG_COMPILER_APPICON_NAME = AppIcon;
				CLANG_ENABLE_MODULES = YES;
				CODE_SIGN_IDENTITY = "Apple Development: Vinod Lingamsetty (8CK4Y5ZHN7)";
				CODE_SIGN_STYLE = Manual;
				DEVELOPMENT_TEAM = D95XHVNG2Z;
				INFOPLIST_FILE = openxcframework/Info.plist;
				IPHONEOS_DEPLOYMENT_TARGET = 12.0;
				LD_RUNPATH_SEARCH_PATHS = "$(inherited) @executable_path/Frameworks";
				MODULE_NAME = ExampleApp;
				PRODUCT_BUNDLE_IDENTIFIER = com.ford.openxc;
				PRODUCT_NAME = "$(TARGET_NAME)";
				PROVISIONING_PROFILE = "d16af723-666a-4532-8004-d5969e95de57";
				PROVISIONING_PROFILE_SPECIFIER = "OpenXC Dev profile";
				SWIFT_OBJC_BRIDGING_HEADER = "openxcframework/openxcframework_Example-Bridging-Header.h";
				SWIFT_VERSION = 5.0;
			};
			name = Release;
		};
		607FACF31AFB9204008FA782 /* Debug */ = {
			isa = XCBuildConfiguration;
			baseConfigurationReference = 780F23C3A5A6C26E16550E2B /* Pods-openxcframework_Tests.debug.xcconfig */;
			buildSettings = {
				ALWAYS_EMBED_SWIFT_STANDARD_LIBRARIES = YES;
				CLANG_ENABLE_MODULES = YES;
				CODE_SIGN_STYLE = Manual;
				DEVELOPMENT_TEAM = D95XHVNG2Z;
				FRAMEWORK_SEARCH_PATHS = (
					"$(SDKROOT)/Developer/Library/Frameworks",
					"$(inherited)",
				);
				GCC_PREPROCESSOR_DEFINITIONS = (
					"DEBUG=1",
					"$(inherited)",
				);
				INFOPLIST_FILE = Tests/Info.plist;
				LD_RUNPATH_SEARCH_PATHS = "$(inherited) @executable_path/Frameworks @loader_path/Frameworks";
				PRODUCT_BUNDLE_IDENTIFIER = "org.cocoapods.$(PRODUCT_NAME:rfc1034identifier)";
				PRODUCT_NAME = "$(TARGET_NAME)";
				PROVISIONING_PROFILE_SPECIFIER = "";
				SWIFT_OBJC_BRIDGING_HEADER = "Tests/openxcframework_Tests-Bridging-Header.h";
				SWIFT_OPTIMIZATION_LEVEL = "-Onone";
				SWIFT_VERSION = 5.0;
				TEST_HOST = "$(BUILT_PRODUCTS_DIR)/openxcframework_Example.app/openxcframework_Example";
			};
			name = Debug;
		};
		607FACF41AFB9204008FA782 /* Release */ = {
			isa = XCBuildConfiguration;
			baseConfigurationReference = 7D2A168843053B76AF6B84CB /* Pods-openxcframework_Tests.release.xcconfig */;
			buildSettings = {
				ALWAYS_EMBED_SWIFT_STANDARD_LIBRARIES = YES;
				CLANG_ENABLE_MODULES = YES;
				CODE_SIGN_STYLE = Manual;
				DEVELOPMENT_TEAM = D95XHVNG2Z;
				FRAMEWORK_SEARCH_PATHS = (
					"$(SDKROOT)/Developer/Library/Frameworks",
					"$(inherited)",
				);
				INFOPLIST_FILE = Tests/Info.plist;
				LD_RUNPATH_SEARCH_PATHS = "$(inherited) @executable_path/Frameworks @loader_path/Frameworks";
				PRODUCT_BUNDLE_IDENTIFIER = "org.cocoapods.$(PRODUCT_NAME:rfc1034identifier)";
				PRODUCT_NAME = "$(TARGET_NAME)";
				PROVISIONING_PROFILE_SPECIFIER = "";
				SWIFT_OBJC_BRIDGING_HEADER = "Tests/openxcframework_Tests-Bridging-Header.h";
				SWIFT_VERSION = 5.0;
				TEST_HOST = "$(BUILT_PRODUCTS_DIR)/openxcframework_Example.app/openxcframework_Example";
			};
			name = Release;
		};
/* End XCBuildConfiguration section */

/* Begin XCConfigurationList section */
		607FACCB1AFB9204008FA782 /* Build configuration list for PBXProject "openxcframework" */ = {
			isa = XCConfigurationList;
			buildConfigurations = (
				607FACED1AFB9204008FA782 /* Debug */,
				607FACEE1AFB9204008FA782 /* Release */,
			);
			defaultConfigurationIsVisible = 0;
			defaultConfigurationName = Release;
		};
		607FACEF1AFB9204008FA782 /* Build configuration list for PBXNativeTarget "openxcframework_Example" */ = {
			isa = XCConfigurationList;
			buildConfigurations = (
				607FACF01AFB9204008FA782 /* Debug */,
				607FACF11AFB9204008FA782 /* Release */,
			);
			defaultConfigurationIsVisible = 0;
			defaultConfigurationName = Release;
		};
		607FACF21AFB9204008FA782 /* Build configuration list for PBXNativeTarget "openxcframework_Tests" */ = {
			isa = XCConfigurationList;
			buildConfigurations = (
				607FACF31AFB9204008FA782 /* Debug */,
				607FACF41AFB9204008FA782 /* Release */,
			);
			defaultConfigurationIsVisible = 0;
			defaultConfigurationName = Release;
		};
/* End XCConfigurationList section */
	};
	rootObject = 607FACC81AFB9204008FA782 /* Project object */;
}
